
Microsoft Visual Studio Solution File, Format Version 12.00
# Visual Studio Version 17
VisualStudioVersion = 17.0.32014.148
MinimumVisualStudioVersion = 10.0.40219.1
Project("{FAE04EC0-301F-11D3-BF4B-00C04F79EFBC}") = "WalletAndPaymentTracker.API", "WalletAndPaymentTracker.API\WalletAndPaymentTracker.API.csproj", "{A9E510EE-87ED-49C0-AB97-8D0FA748ADED}"
EndProject
Project("{FAE04EC0-301F-11D3-BF4B-00C04F79EFBC}") = "WalletAndPaymentTracker.Web", "WalletAndPaymentTracker.Web\WalletAndPaymentTracker.Web.csproj", "{0E91E66A-291E-47F2-BA94-116452608134}"
EndProject
Global
	GlobalSection(SolutionConfigurationPlatforms) = preSolution
		Debug|Any CPU = Debug|Any CPU
		Release|Any CPU = Release|Any CPU
	EndGlobalSection
	GlobalSection(ProjectConfigurationPlatforms) = postSolution
		{A9E510EE-87ED-49C0-AB97-8D0FA748ADED}.Debug|Any CPU.ActiveCfg = Debug|Any CPU
		{A9E510EE-87ED-49C0-AB97-8D0FA748ADED}.Debug|Any CPU.Build.0 = Debug|Any CPU
		{A9E510EE-87ED-49C0-AB97-8D0FA748ADED}.Release|Any CPU.ActiveCfg = Release|Any CPU
		{A9E510EE-87ED-49C0-AB97-8D0FA748ADED}.Release|Any CPU.Build.0 = Release|Any CPU
		{0E91E66A-291E-47F2-BA94-116452608134}.Debug|Any CPU.ActiveCfg = Debug|Any CPU
		{0E91E66A-291E-47F2-BA94-116452608134}.Debug|Any CPU.Build.0 = Debug|Any CPU
		{0E91E66A-291E-47F2-BA94-116452608134}.Release|Any CPU.ActiveCfg = Release|Any CPU
		{0E91E66A-291E-47F2-BA94-116452608134}.Release|Any CPU.Build.0 = Release|Any CPU
	EndGlobalSection
	GlobalSection(SolutionProperties) = preSolution
		HideSolutionNode = FALSE
	EndGlobalSection
	GlobalSection(ExtensibilityGlobals) = postSolution
		SolutionGuid = {193ABB2A-634D-4649-8222-669EBFD7FAB7}
	EndGlobalSection
EndGlobal
